
Microsoft Visual Studio Solution File, Format Version 12.00
# Visual Studio Version 16
VisualStudioVersion = 16.0.30717.126
MinimumVisualStudioVersion = 10.0.40219.1
Project("{FAE04EC0-301F-11D3-BF4B-00C04F79EFBC}") = "AccessDB_Test", "AccessDB_Test\AccessDB_Test.csproj", "{7864F354-FA2A-445E-A580-54B20CB03B91}"
EndProject
Global
	GlobalSection(SolutionConfigurationPlatforms) = preSolution
		Debug|Any CPU = Debug|Any CPU
		Release|Any CPU = Release|Any CPU
	EndGlobalSection
	GlobalSection(ProjectConfigurationPlatforms) = postSolution
		{7864F354-FA2A-445E-A580-54B20CB03B91}.Debug|Any CPU.ActiveCfg = Debug|Any CPU
		{7864F354-FA2A-445E-A580-54B20CB03B91}.Debug|Any CPU.Build.0 = Debug|Any CPU
		{7864F354-FA2A-445E-A580-54B20CB03B91}.Release|Any CPU.ActiveCfg = Release|Any CPU
		{7864F354-FA2A-445E-A580-54B20CB03B91}.Release|Any CPU.Build.0 = Release|Any CPU
	EndGlobalSection
	GlobalSection(SolutionProperties) = preSolution
		HideSolutionNode = FALSE
	EndGlobalSection
	GlobalSection(ExtensibilityGlobals) = postSolution
		SolutionGuid = {746165B2-199E-44A9-B322-D4AA62DEB2DD}
	EndGlobalSection
EndGlobal
